
Microsoft Visual Studio Solution File, Format Version 12.00
# Visual Studio 15
VisualStudioVersion = 15.0.26430.16
MinimumVisualStudioVersion = 10.0.40219.1
Project("{FAE04EC0-301F-11D3-BF4B-00C04F79EFBC}") = "BackgroundTest.Android", "BackgroundTest\BackgroundTest.Android\BackgroundTest.Android.csproj", "{FE344977-E800-4F19-85E7-A345EE3ECBC8}"
EndProject
Project("{FAE04EC0-301F-11D3-BF4B-00C04F79EFBC}") = "BackgroundTest", "BackgroundTest\BackgroundTest\BackgroundTest.csproj", "{E33907B0-4800-4845-B1EF-C4A1B8034F51}"
EndProject
Project("{FAE04EC0-301F-11D3-BF4B-00C04F79EFBC}") = "BackgroundTest.UWP", "BackgroundTest\BackgroundTest.UWP\BackgroundTest.UWP.csproj", "{31311ABA-53DA-44AF-AC4C-4DD16538739B}"
EndProject
Project("{FAE04EC0-301F-11D3-BF4B-00C04F79EFBC}") = "BackgroundTest.iOS", "BackgroundTest\BackgroundTest.iOS\BackgroundTest.iOS.csproj", "{6125424E-D550-4FB1-B97D-22EC6B71EEDE}"
EndProject
Global
	GlobalSection(SolutionConfigurationPlatforms) = preSolution
		Ad-Hoc|Any CPU = Ad-Hoc|Any CPU
		Ad-Hoc|ARM = Ad-Hoc|ARM
		Ad-Hoc|iPhone = Ad-Hoc|iPhone
		Ad-Hoc|iPhoneSimulator = Ad-Hoc|iPhoneSimulator
		Ad-Hoc|x64 = Ad-Hoc|x64
		Ad-Hoc|x86 = Ad-Hoc|x86
		AppStore|Any CPU = AppStore|Any CPU
		AppStore|ARM = AppStore|ARM
		AppStore|iPhone = AppStore|iPhone
		AppStore|iPhoneSimulator = AppStore|iPhoneSimulator
		AppStore|x64 = AppStore|x64
		AppStore|x86 = AppStore|x86
		Debug|Any CPU = Debug|Any CPU
		Debug|ARM = Debug|ARM
		Debug|iPhone = Debug|iPhone
		Debug|iPhoneSimulator = Debug|iPhoneSimulator
		Debug|x64 = Debug|x64
		Debug|x86 = Debug|x86
		Release|Any CPU = Release|Any CPU
		Release|ARM = Release|ARM
		Release|iPhone = Release|iPhone
		Release|iPhoneSimulator = Release|iPhoneSimulator
		Release|x64 = Release|x64
		Release|x86 = Release|x86
	EndGlobalSection
	GlobalSection(ProjectConfigurationPlatforms) = postSolution
		{FE344977-E800-4F19-85E7-A345EE3ECBC8}.Ad-Hoc|Any CPU.ActiveCfg = Release|Any CPU
		{FE344977-E800-4F19-85E7-A345EE3ECBC8}.Ad-Hoc|Any CPU.Build.0 = Release|Any CPU
		{FE344977-E800-4F19-85E7-A345EE3ECBC8}.Ad-Hoc|Any CPU.Deploy.0 = Release|Any CPU
		{FE344977-E800-4F19-85E7-A345EE3ECBC8}.Ad-Hoc|ARM.ActiveCfg = Release|Any CPU
		{FE344977-E800-4F19-85E7-A345EE3ECBC8}.Ad-Hoc|ARM.Build.0 = Release|Any CPU
		{FE344977-E800-4F19-85E7-A345EE3ECBC8}.Ad-Hoc|ARM.Deploy.0 = Release|Any CPU
		{FE344977-E800-4F19-85E7-A345EE3ECBC8}.Ad-Hoc|iPhone.ActiveCfg = Release|Any CPU
		{FE344977-E800-4F19-85E7-A345EE3ECBC8}.Ad-Hoc|iPhone.Build.0 = Release|Any CPU
		{FE344977-E800-4F19-85E7-A345EE3ECBC8}.Ad-Hoc|iPhone.Deploy.0 = Release|Any CPU
		{FE344977-E800-4F19-85E7-A345EE3ECBC8}.Ad-Hoc|iPhoneSimulator.ActiveCfg = Release|Any CPU
		{FE344977-E800-4F19-85E7-A345EE3ECBC8}.Ad-Hoc|iPhoneSimulator.Build.0 = Release|Any CPU
		{FE344977-E800-4F19-85E7-A345EE3ECBC8}.Ad-Hoc|iPhoneSimulator.Deploy.0 = Release|Any CPU
		{FE344977-E800-4F19-85E7-A345EE3ECBC8}.Ad-Hoc|x64.ActiveCfg = Release|Any CPU
		{FE344977-E800-4F19-85E7-A345EE3ECBC8}.Ad-Hoc|x64.Build.0 = Release|Any CPU
		{FE344977-E800-4F19-85E7-A345EE3ECBC8}.Ad-Hoc|x64.Deploy.0 = Release|Any CPU
		{FE344977-E800-4F19-85E7-A345EE3ECBC8}.Ad-Hoc|x86.ActiveCfg = Release|Any CPU
		{FE344977-E800-4F19-85E7-A345EE3ECBC8}.Ad-Hoc|x86.Build.0 = Release|Any CPU
		{FE344977-E800-4F19-85E7-A345EE3ECBC8}.Ad-Hoc|x86.Deploy.0 = Release|Any CPU
		{FE344977-E800-4F19-85E7-A345EE3ECBC8}.AppStore|Any CPU.ActiveCfg = Release|Any CPU
		{FE344977-E800-4F19-85E7-A345EE3ECBC8}.AppStore|Any CPU.Build.0 = Release|Any CPU
		{FE344977-E800-4F19-85E7-A345EE3ECBC8}.AppStore|Any CPU.Deploy.0 = Release|Any CPU
		{FE344977-E800-4F19-85E7-A345EE3ECBC8}.AppStore|ARM.ActiveCfg = Release|Any CPU
		{FE344977-E800-4F19-85E7-A345EE3ECBC8}.AppStore|ARM.Build.0 = Release|Any CPU
		{FE344977-E800-4F19-85E7-A345EE3ECBC8}.AppStore|ARM.Deploy.0 = Release|Any CPU
		{FE344977-E800-4F19-85E7-A345EE3ECBC8}.AppStore|iPhone.ActiveCfg = Release|Any CPU
		{FE344977-E800-4F19-85E7-A345EE3ECBC8}.AppStore|iPhone.Build.0 = Release|Any CPU
		{FE344977-E800-4F19-85E7-A345EE3ECBC8}.AppStore|iPhone.Deploy.0 = Release|Any CPU
		{FE344977-E800-4F19-85E7-A345EE3ECBC8}.AppStore|iPhoneSimulator.ActiveCfg = Release|Any CPU
		{FE344977-E800-4F19-85E7-A345EE3ECBC8}.AppStore|iPhoneSimulator.Build.0 = Release|Any CPU
		{FE344977-E800-4F19-85E7-A345EE3ECBC8}.AppStore|iPhoneSimulator.Deploy.0 = Release|Any CPU
		{FE344977-E800-4F19-85E7-A345EE3ECBC8}.AppStore|x64.ActiveCfg = Release|Any CPU
		{FE344977-E800-4F19-85E7-A345EE3ECBC8}.AppStore|x64.Build.0 = Release|Any CPU
		{FE344977-E800-4F19-85E7-A345EE3ECBC8}.AppStore|x64.Deploy.0 = Release|Any CPU
		{FE344977-E800-4F19-85E7-A345EE3ECBC8}.AppStore|x86.ActiveCfg = Release|Any CPU
		{FE344977-E800-4F19-85E7-A345EE3ECBC8}.AppStore|x86.Build.0 = Release|Any CPU
		{FE344977-E800-4F19-85E7-A345EE3ECBC8}.AppStore|x86.Deploy.0 = Release|Any CPU
		{FE344977-E800-4F19-85E7-A345EE3ECBC8}.Debug|Any CPU.ActiveCfg = Debug|Any CPU
		{FE344977-E800-4F19-85E7-A345EE3ECBC8}.Debug|Any CPU.Build.0 = Debug|Any CPU
		{FE344977-E800-4F19-85E7-A345EE3ECBC8}.Debug|Any CPU.Deploy.0 = Debug|Any CPU
		{FE344977-E800-4F19-85E7-A345EE3ECBC8}.Debug|ARM.ActiveCfg = Debug|Any CPU
		{FE344977-E800-4F19-85E7-A345EE3ECBC8}.Debug|ARM.Build.0 = Debug|Any CPU
		{FE344977-E800-4F19-85E7-A345EE3ECBC8}.Debug|ARM.Deploy.0 = Debug|Any CPU
		{FE344977-E800-4F19-85E7-A345EE3ECBC8}.Debug|iPhone.ActiveCfg = Debug|Any CPU
		{FE344977-E800-4F19-85E7-A345EE3ECBC8}.Debug|iPhone.Build.0 = Debug|Any CPU
		{FE344977-E800-4F19-85E7-A345EE3ECBC8}.Debug|iPhone.Deploy.0 = Debug|Any CPU
		{FE344977-E800-4F19-85E7-A345EE3ECBC8}.Debug|iPhoneSimulator.ActiveCfg = Debug|Any CPU
		{FE344977-E800-4F19-85E7-A345EE3ECBC8}.Debug|iPhoneSimulator.Build.0 = Debug|Any CPU
		{FE344977-E800-4F19-85E7-A345EE3ECBC8}.Debug|iPhoneSimulator.Deploy.0 = Debug|Any CPU
		{FE344977-E800-4F19-85E7-A345EE3ECBC8}.Debug|x64.ActiveCfg = Debug|Any CPU
		{FE344977-E800-4F19-85E7-A345EE3ECBC8}.Debug|x64.Build.0 = Debug|Any CPU
		{FE344977-E800-4F19-85E7-A345EE3ECBC8}.Debug|x64.Deploy.0 = Debug|Any CPU
		{FE344977-E800-4F19-85E7-A345EE3ECBC8}.Debug|x86.ActiveCfg = Debug|Any CPU
		{FE344977-E800-4F19-85E7-A345EE3ECBC8}.Debug|x86.Build.0 = Debug|Any CPU
		{FE344977-E800-4F19-85E7-A345EE3ECBC8}.Debug|x86.Deploy.0 = Debug|Any CPU
		{FE344977-E800-4F19-85E7-A345EE3ECBC8}.Release|Any CPU.ActiveCfg = Release|Any CPU
		{FE344977-E800-4F19-85E7-A345EE3ECBC8}.Release|Any CPU.Build.0 = Release|Any CPU
		{FE344977-E800-4F19-85E7-A345EE3ECBC8}.Release|Any CPU.Deploy.0 = Release|Any CPU
		{FE344977-E800-4F19-85E7-A345EE3ECBC8}.Release|ARM.ActiveCfg = Release|Any CPU
		{FE344977-E800-4F19-85E7-A345EE3ECBC8}.Release|ARM.Build.0 = Release|Any CPU
		{FE344977-E800-4F19-85E7-A345EE3ECBC8}.Release|ARM.Deploy.0 = Release|Any CPU
		{FE344977-E800-4F19-85E7-A345EE3ECBC8}.Release|iPhone.ActiveCfg = Release|Any CPU
		{FE344977-E800-4F19-85E7-A345EE3ECBC8}.Release|iPhone.Build.0 = Release|Any CPU
		{FE344977-E800-4F19-85E7-A345EE3ECBC8}.Release|iPhone.Deploy.0 = Release|Any CPU
		{FE344977-E800-4F19-85E7-A345EE3ECBC8}.Release|iPhoneSimulator.ActiveCfg = Release|Any CPU
		{FE344977-E800-4F19-85E7-A345EE3ECBC8}.Release|iPhoneSimulator.Build.0 = Release|Any CPU
		{FE344977-E800-4F19-85E7-A345EE3ECBC8}.Release|iPhoneSimulator.Deploy.0 = Release|Any CPU
		{FE344977-E800-4F19-85E7-A345EE3ECBC8}.Release|x64.ActiveCfg = Release|Any CPU
		{FE344977-E800-4F19-85E7-A345EE3ECBC8}.Release|x64.Build.0 = Release|Any CPU
		{FE344977-E800-4F19-85E7-A345EE3ECBC8}.Release|x64.Deploy.0 = Release|Any CPU
		{FE344977-E800-4F19-85E7-A345EE3ECBC8}.Release|x86.ActiveCfg = Release|Any CPU
		{FE344977-E800-4F19-85E7-A345EE3ECBC8}.Release|x86.Build.0 = Release|Any CPU
		{FE344977-E800-4F19-85E7-A345EE3ECBC8}.Release|x86.Deploy.0 = Release|Any CPU
		{E33907B0-4800-4845-B1EF-C4A1B8034F51}.Ad-Hoc|Any CPU.ActiveCfg = Release|Any CPU
		{E33907B0-4800-4845-B1EF-C4A1B8034F51}.Ad-Hoc|Any CPU.Build.0 = Release|Any CPU
		{E33907B0-4800-4845-B1EF-C4A1B8034F51}.Ad-Hoc|ARM.ActiveCfg = Release|Any CPU
		{E33907B0-4800-4845-B1EF-C4A1B8034F51}.Ad-Hoc|ARM.Build.0 = Release|Any CPU
		{E33907B0-4800-4845-B1EF-C4A1B8034F51}.Ad-Hoc|iPhone.ActiveCfg = Release|Any CPU
		{E33907B0-4800-4845-B1EF-C4A1B8034F51}.Ad-Hoc|iPhone.Build.0 = Release|Any CPU
		{E33907B0-4800-4845-B1EF-C4A1B8034F51}.Ad-Hoc|iPhoneSimulator.ActiveCfg = Release|Any CPU
		{E33907B0-4800-4845-B1EF-C4A1B8034F51}.Ad-Hoc|iPhoneSimulator.Build.0 = Release|Any CPU
		{E33907B0-4800-4845-B1EF-C4A1B8034F51}.Ad-Hoc|x64.ActiveCfg = Release|Any CPU
		{E33907B0-4800-4845-B1EF-C4A1B8034F51}.Ad-Hoc|x64.Build.0 = Release|Any CPU
		{E33907B0-4800-4845-B1EF-C4A1B8034F51}.Ad-Hoc|x86.ActiveCfg = Release|Any CPU
		{E33907B0-4800-4845-B1EF-C4A1B8034F51}.Ad-Hoc|x86.Build.0 = Release|Any CPU
		{E33907B0-4800-4845-B1EF-C4A1B8034F51}.AppStore|Any CPU.ActiveCfg = Release|Any CPU
		{E33907B0-4800-4845-B1EF-C4A1B8034F51}.AppStore|Any CPU.Build.0 = Release|Any CPU
		{E33907B0-4800-4845-B1EF-C4A1B8034F51}.AppStore|ARM.ActiveCfg = Release|Any CPU
		{E33907B0-4800-4845-B1EF-C4A1B8034F51}.AppStore|ARM.Build.0 = Release|Any CPU
		{E33907B0-4800-4845-B1EF-C4A1B8034F51}.AppStore|iPhone.ActiveCfg = Release|Any CPU
		{E33907B0-4800-4845-B1EF-C4A1B8034F51}.AppStore|iPhone.Build.0 = Release|Any CPU
		{E33907B0-4800-4845-B1EF-C4A1B8034F51}.AppStore|iPhoneSimulator.ActiveCfg = Release|Any CPU
		{E33907B0-4800-4845-B1EF-C4A1B8034F51}.AppStore|iPhoneSimulator.Build.0 = Release|Any CPU
		{E33907B0-4800-4845-B1EF-C4A1B8034F51}.AppStore|x64.ActiveCfg = Release|Any CPU
		{E33907B0-4800-4845-B1EF-C4A1B8034F51}.AppStore|x64.Build.0 = Release|Any CPU
		{E33907B0-4800-4845-B1EF-C4A1B8034F51}.AppStore|x86.ActiveCfg = Release|Any CPU
		{E33907B0-4800-4845-B1EF-C4A1B8034F51}.AppStore|x86.Build.0 = Release|Any CPU
		{E33907B0-4800-4845-B1EF-C4A1B8034F51}.Debug|Any CPU.ActiveCfg = Debug|Any CPU
		{E33907B0-4800-4845-B1EF-C4A1B8034F51}.Debug|Any CPU.Build.0 = Debug|Any CPU
		{E33907B0-4800-4845-B1EF-C4A1B8034F51}.Debug|ARM.ActiveCfg = Debug|Any CPU
		{E33907B0-4800-4845-B1EF-C4A1B8034F51}.Debug|ARM.Build.0 = Debug|Any CPU
		{E33907B0-4800-4845-B1EF-C4A1B8034F51}.Debug|iPhone.ActiveCfg = Debug|Any CPU
		{E33907B0-4800-4845-B1EF-C4A1B8034F51}.Debug|iPhone.Build.0 = Debug|Any CPU
		{E33907B0-4800-4845-B1EF-C4A1B8034F51}.Debug|iPhoneSimulator.ActiveCfg = Debug|Any CPU
		{E33907B0-4800-4845-B1EF-C4A1B8034F51}.Debug|iPhoneSimulator.Build.0 = Debug|Any CPU
		{E33907B0-4800-4845-B1EF-C4A1B8034F51}.Debug|x64.ActiveCfg = Debug|Any CPU
		{E33907B0-4800-4845-B1EF-C4A1B8034F51}.Debug|x64.Build.0 = Debug|Any CPU
		{E33907B0-4800-4845-B1EF-C4A1B8034F51}.Debug|x86.ActiveCfg = Debug|Any CPU
		{E33907B0-4800-4845-B1EF-C4A1B8034F51}.Debug|x86.Build.0 = Debug|Any CPU
		{E33907B0-4800-4845-B1EF-C4A1B8034F51}.Release|Any CPU.ActiveCfg = Release|Any CPU
		{E33907B0-4800-4845-B1EF-C4A1B8034F51}.Release|Any CPU.Build.0 = Release|Any CPU
		{E33907B0-4800-4845-B1EF-C4A1B8034F51}.Release|ARM.ActiveCfg = Release|Any CPU
		{E33907B0-4800-4845-B1EF-C4A1B8034F51}.Release|ARM.Build.0 = Release|Any CPU
		{E33907B0-4800-4845-B1EF-C4A1B8034F51}.Release|iPhone.ActiveCfg = Release|Any CPU
		{E33907B0-4800-4845-B1EF-C4A1B8034F51}.Release|iPhone.Build.0 = Release|Any CPU
		{E33907B0-4800-4845-B1EF-C4A1B8034F51}.Release|iPhoneSimulator.ActiveCfg = Release|Any CPU
		{E33907B0-4800-4845-B1EF-C4A1B8034F51}.Release|iPhoneSimulator.Build.0 = Release|Any CPU
		{E33907B0-4800-4845-B1EF-C4A1B8034F51}.Release|x64.ActiveCfg = Release|Any CPU
		{E33907B0-4800-4845-B1EF-C4A1B8034F51}.Release|x64.Build.0 = Release|Any CPU
		{E33907B0-4800-4845-B1EF-C4A1B8034F51}.Release|x86.ActiveCfg = Release|Any CPU
		{E33907B0-4800-4845-B1EF-C4A1B8034F51}.Release|x86.Build.0 = Release|Any CPU
		{31311ABA-53DA-44AF-AC4C-4DD16538739B}.Ad-Hoc|Any CPU.ActiveCfg = Release|x86
		{31311ABA-53DA-44AF-AC4C-4DD16538739B}.Ad-Hoc|Any CPU.Build.0 = Release|x86
		{31311ABA-53DA-44AF-AC4C-4DD16538739B}.Ad-Hoc|Any CPU.Deploy.0 = Release|x86
		{31311ABA-53DA-44AF-AC4C-4DD16538739B}.Ad-Hoc|ARM.ActiveCfg = Release|ARM
		{31311ABA-53DA-44AF-AC4C-4DD16538739B}.Ad-Hoc|ARM.Build.0 = Release|ARM
		{31311ABA-53DA-44AF-AC4C-4DD16538739B}.Ad-Hoc|ARM.Deploy.0 = Release|ARM
		{31311ABA-53DA-44AF-AC4C-4DD16538739B}.Ad-Hoc|iPhone.ActiveCfg = Release|x86
		{31311ABA-53DA-44AF-AC4C-4DD16538739B}.Ad-Hoc|iPhone.Build.0 = Release|x86
		{31311ABA-53DA-44AF-AC4C-4DD16538739B}.Ad-Hoc|iPhone.Deploy.0 = Release|x86
		{31311ABA-53DA-44AF-AC4C-4DD16538739B}.Ad-Hoc|iPhoneSimulator.ActiveCfg = Release|x86
		{31311ABA-53DA-44AF-AC4C-4DD16538739B}.Ad-Hoc|iPhoneSimulator.Build.0 = Release|x86
		{31311ABA-53DA-44AF-AC4C-4DD16538739B}.Ad-Hoc|iPhoneSimulator.Deploy.0 = Release|x86
		{31311ABA-53DA-44AF-AC4C-4DD16538739B}.Ad-Hoc|x64.ActiveCfg = Release|x64
		{31311ABA-53DA-44AF-AC4C-4DD16538739B}.Ad-Hoc|x64.Build.0 = Release|x64
		{31311ABA-53DA-44AF-AC4C-4DD16538739B}.Ad-Hoc|x64.Deploy.0 = Release|x64
		{31311ABA-53DA-44AF-AC4C-4DD16538739B}.Ad-Hoc|x86.ActiveCfg = Release|x86
		{31311ABA-53DA-44AF-AC4C-4DD16538739B}.Ad-Hoc|x86.Build.0 = Release|x86
		{31311ABA-53DA-44AF-AC4C-4DD16538739B}.Ad-Hoc|x86.Deploy.0 = Release|x86
		{31311ABA-53DA-44AF-AC4C-4DD16538739B}.AppStore|Any CPU.ActiveCfg = Release|x86
		{31311ABA-53DA-44AF-AC4C-4DD16538739B}.AppStore|Any CPU.Build.0 = Release|x86
		{31311ABA-53DA-44AF-AC4C-4DD16538739B}.AppStore|Any CPU.Deploy.0 = Release|x86
		{31311ABA-53DA-44AF-AC4C-4DD16538739B}.AppStore|ARM.ActiveCfg = Release|ARM
		{31311ABA-53DA-44AF-AC4C-4DD16538739B}.AppStore|ARM.Build.0 = Release|ARM
		{31311ABA-53DA-44AF-AC4C-4DD16538739B}.AppStore|ARM.Deploy.0 = Release|ARM
		{31311ABA-53DA-44AF-AC4C-4DD16538739B}.AppStore|iPhone.ActiveCfg = Release|x86
		{31311ABA-53DA-44AF-AC4C-4DD16538739B}.AppStore|iPhone.Build.0 = Release|x86
		{31311ABA-53DA-44AF-AC4C-4DD16538739B}.AppStore|iPhone.Deploy.0 = Release|x86
		{31311ABA-53DA-44AF-AC4C-4DD16538739B}.AppStore|iPhoneSimulator.ActiveCfg = Release|x86
		{31311ABA-53DA-44AF-AC4C-4DD16538739B}.AppStore|iPhoneSimulator.Build.0 = Release|x86
		{31311ABA-53DA-44AF-AC4C-4DD16538739B}.AppStore|iPhoneSimulator.Deploy.0 = Release|x86
		{31311ABA-53DA-44AF-AC4C-4DD16538739B}.AppStore|x64.ActiveCfg = Release|x64
		{31311ABA-53DA-44AF-AC4C-4DD16538739B}.AppStore|x64.Build.0 = Release|x64
		{31311ABA-53DA-44AF-AC4C-4DD16538739B}.AppStore|x64.Deploy.0 = Release|x64
		{31311ABA-53DA-44AF-AC4C-4DD16538739B}.AppStore|x86.ActiveCfg = Release|x86
		{31311ABA-53DA-44AF-AC4C-4DD16538739B}.AppStore|x86.Build.0 = Release|x86
		{31311ABA-53DA-44AF-AC4C-4DD16538739B}.AppStore|x86.Deploy.0 = Release|x86
		{31311ABA-53DA-44AF-AC4C-4DD16538739B}.Debug|Any CPU.ActiveCfg = Debug|x86
		{31311ABA-53DA-44AF-AC4C-4DD16538739B}.Debug|ARM.ActiveCfg = Debug|ARM
		{31311ABA-53DA-44AF-AC4C-4DD16538739B}.Debug|ARM.Build.0 = Debug|ARM
		{31311ABA-53DA-44AF-AC4C-4DD16538739B}.Debug|ARM.Deploy.0 = Debug|ARM
		{31311ABA-53DA-44AF-AC4C-4DD16538739B}.Debug|iPhone.ActiveCfg = Debug|x86
		{31311ABA-53DA-44AF-AC4C-4DD16538739B}.Debug|iPhoneSimulator.ActiveCfg = Debug|x86
		{31311ABA-53DA-44AF-AC4C-4DD16538739B}.Debug|x64.ActiveCfg = Debug|x64
		{31311ABA-53DA-44AF-AC4C-4DD16538739B}.Debug|x64.Build.0 = Debug|x64
		{31311ABA-53DA-44AF-AC4C-4DD16538739B}.Debug|x64.Deploy.0 = Debug|x64
		{31311ABA-53DA-44AF-AC4C-4DD16538739B}.Debug|x86.ActiveCfg = Debug|x86
		{31311ABA-53DA-44AF-AC4C-4DD16538739B}.Debug|x86.Build.0 = Debug|x86
		{31311ABA-53DA-44AF-AC4C-4DD16538739B}.Debug|x86.Deploy.0 = Debug|x86
		{31311ABA-53DA-44AF-AC4C-4DD16538739B}.Release|Any CPU.ActiveCfg = Release|x86
		{31311ABA-53DA-44AF-AC4C-4DD16538739B}.Release|ARM.ActiveCfg = Release|ARM
		{31311ABA-53DA-44AF-AC4C-4DD16538739B}.Release|ARM.Build.0 = Release|ARM
		{31311ABA-53DA-44AF-AC4C-4DD16538739B}.Release|ARM.Deploy.0 = Release|ARM
		{31311ABA-53DA-44AF-AC4C-4DD16538739B}.Release|iPhone.ActiveCfg = Release|x86
		{31311ABA-53DA-44AF-AC4C-4DD16538739B}.Release|iPhoneSimulator.ActiveCfg = Release|x86
		{31311ABA-53DA-44AF-AC4C-4DD16538739B}.Release|x64.ActiveCfg = Release|x64
		{31311ABA-53DA-44AF-AC4C-4DD16538739B}.Release|x64.Build.0 = Release|x64
		{31311ABA-53DA-44AF-AC4C-4DD16538739B}.Release|x64.Deploy.0 = Release|x64
		{31311ABA-53DA-44AF-AC4C-4DD16538739B}.Release|x86.ActiveCfg = Release|x86
		{31311ABA-53DA-44AF-AC4C-4DD16538739B}.Release|x86.Build.0 = Release|x86
		{31311ABA-53DA-44AF-AC4C-4DD16538739B}.Release|x86.Deploy.0 = Release|x86
		{6125424E-D550-4FB1-B97D-22EC6B71EEDE}.Ad-Hoc|Any CPU.ActiveCfg = Ad-Hoc|iPhone
		{6125424E-D550-4FB1-B97D-22EC6B71EEDE}.Ad-Hoc|ARM.ActiveCfg = Ad-Hoc|iPhone
		{6125424E-D550-4FB1-B97D-22EC6B71EEDE}.Ad-Hoc|iPhone.ActiveCfg = Ad-Hoc|iPhone
		{6125424E-D550-4FB1-B97D-22EC6B71EEDE}.Ad-Hoc|iPhone.Build.0 = Ad-Hoc|iPhone
		{6125424E-D550-4FB1-B97D-22EC6B71EEDE}.Ad-Hoc|iPhoneSimulator.ActiveCfg = Ad-Hoc|iPhoneSimulator
		{6125424E-D550-4FB1-B97D-22EC6B71EEDE}.Ad-Hoc|iPhoneSimulator.Build.0 = Ad-Hoc|iPhoneSimulator
		{6125424E-D550-4FB1-B97D-22EC6B71EEDE}.Ad-Hoc|x64.ActiveCfg = Ad-Hoc|iPhone
		{6125424E-D550-4FB1-B97D-22EC6B71EEDE}.Ad-Hoc|x86.ActiveCfg = Ad-Hoc|iPhone
		{6125424E-D550-4FB1-B97D-22EC6B71EEDE}.AppStore|Any CPU.ActiveCfg = AppStore|iPhone
		{6125424E-D550-4FB1-B97D-22EC6B71EEDE}.AppStore|ARM.ActiveCfg = AppStore|iPhone
		{6125424E-D550-4FB1-B97D-22EC6B71EEDE}.AppStore|iPhone.ActiveCfg = AppStore|iPhone
		{6125424E-D550-4FB1-B97D-22EC6B71EEDE}.AppStore|iPhone.Build.0 = AppStore|iPhone
		{6125424E-D550-4FB1-B97D-22EC6B71EEDE}.AppStore|iPhoneSimulator.ActiveCfg = AppStore|iPhoneSimulator
		{6125424E-D550-4FB1-B97D-22EC6B71EEDE}.AppStore|iPhoneSimulator.Build.0 = AppStore|iPhoneSimulator
		{6125424E-D550-4FB1-B97D-22EC6B71EEDE}.AppStore|x64.ActiveCfg = AppStore|iPhone
		{6125424E-D550-4FB1-B97D-22EC6B71EEDE}.AppStore|x86.ActiveCfg = AppStore|iPhone
		{6125424E-D550-4FB1-B97D-22EC6B71EEDE}.Debug|Any CPU.ActiveCfg = Debug|iPhone
		{6125424E-D550-4FB1-B97D-22EC6B71EEDE}.Debug|ARM.ActiveCfg = Debug|iPhone
		{6125424E-D550-4FB1-B97D-22EC6B71EEDE}.Debug|iPhone.ActiveCfg = Debug|iPhone
		{6125424E-D550-4FB1-B97D-22EC6B71EEDE}.Debug|iPhone.Build.0 = Debug|iPhone
		{6125424E-D550-4FB1-B97D-22EC6B71EEDE}.Debug|iPhoneSimulator.ActiveCfg = Debug|iPhoneSimulator
		{6125424E-D550-4FB1-B97D-22EC6B71EEDE}.Debug|iPhoneSimulator.Build.0 = Debug|iPhoneSimulator
		{6125424E-D550-4FB1-B97D-22EC6B71EEDE}.Debug|x64.ActiveCfg = Debug|iPhone
		{6125424E-D550-4FB1-B97D-22EC6B71EEDE}.Debug|x86.ActiveCfg = Debug|iPhone
		{6125424E-D550-4FB1-B97D-22EC6B71EEDE}.Release|Any CPU.ActiveCfg = Release|iPhone
		{6125424E-D550-4FB1-B97D-22EC6B71EEDE}.Release|ARM.ActiveCfg = Release|iPhone
		{6125424E-D550-4FB1-B97D-22EC6B71EEDE}.Release|iPhone.ActiveCfg = Release|iPhone
		{6125424E-D550-4FB1-B97D-22EC6B71EEDE}.Release|iPhone.Build.0 = Release|iPhone
		{6125424E-D550-4FB1-B97D-22EC6B71EEDE}.Release|iPhoneSimulator.ActiveCfg = Release|iPhoneSimulator
		{6125424E-D550-4FB1-B97D-22EC6B71EEDE}.Release|iPhoneSimulator.Build.0 = Release|iPhoneSimulator
		{6125424E-D550-4FB1-B97D-22EC6B71EEDE}.Release|x64.ActiveCfg = Release|iPhone
		{6125424E-D550-4FB1-B97D-22EC6B71EEDE}.Release|x86.ActiveCfg = Release|iPhone
	EndGlobalSection
	GlobalSection(SolutionProperties) = preSolution
		HideSolutionNode = FALSE
	EndGlobalSection
EndGlobal
